
Microsoft Visual Studio Solution File, Format Version 12.00
# Visual Studio Version 16
VisualStudioVersion = 16.0.29326.143
MinimumVisualStudioVersion = 10.0.40219.1
Project("{FAE04EC0-301F-11D3-BF4B-00C04F79EFBC}") = "ConsoleApp1", "ConsoleApp1\ConsoleApp1.csproj", "{39DAD1D6-63BA-468A-A7C6-5F0893552659}"
EndProject
Global
	GlobalSection(SolutionConfigurationPlatforms) = preSolution
		Debug|Any CPU = Debug|Any CPU
		Release|Any CPU = Release|Any CPU
	EndGlobalSection
	GlobalSection(ProjectConfigurationPlatforms) = postSolution
		{39DAD1D6-63BA-468A-A7C6-5F0893552659}.Debug|Any CPU.ActiveCfg = Debug|Any CPU
		{39DAD1D6-63BA-468A-A7C6-5F0893552659}.Debug|Any CPU.Build.0 = Debug|Any CPU
		{39DAD1D6-63BA-468A-A7C6-5F0893552659}.Release|Any CPU.ActiveCfg = Release|Any CPU
		{39DAD1D6-63BA-468A-A7C6-5F0893552659}.Release|Any CPU.Build.0 = Release|Any CPU
	EndGlobalSection
	GlobalSection(SolutionProperties) = preSolution
		HideSolutionNode = FALSE
	EndGlobalSection
	GlobalSection(ExtensibilityGlobals) = postSolution
		SolutionGuid = {72149CD0-0C81-4530-AF2E-DEC764DF71B6}
	EndGlobalSection
EndGlobal
